
Microsoft Visual Studio Solution File, Format Version 12.00
# Visual Studio Version 17
VisualStudioVersion = 17.0.31903.59
MinimumVisualStudioVersion = 10.0.40219.1
Project("{FAE04EC0-301F-11D3-BF4B-00C04F79EFBC}") = "InterpolacaoDeStrings", "InterpolacaoDeStrings\InterpolacaoDeStrings.csproj", "{6E14FEB8-3B11-48D5-A54F-DDAA4F809982}"
EndProject
Project("{FAE04EC0-301F-11D3-BF4B-00C04F79EFBC}") = "Guids", "Guids\Guids.csproj", "{DA6355C5-5127-421E-9CE7-4530A798A91F}"
EndProject
Project("{FAE04EC0-301F-11D3-BF4B-00C04F79EFBC}") = "projeT", "projeT\projeT.csproj", "{C48B63C0-7F7E-41A4-A457-2052983BDBFD}"
EndProject
Project("{FAE04EC0-301F-11D3-BF4B-00C04F79EFBC}") = "ComparacaoString", "ComparacaoString\ComparacaoString.csproj", "{7C76D440-792E-40DD-910F-D7F7AEEFCD5B}"
EndProject
Project("{FAE04EC0-301F-11D3-BF4B-00C04F79EFBC}") = "StringsResto", "StringsResto\StringsResto.csproj", "{6F338905-F0EE-45B7-88E2-632A7DEE214A}"
EndProject
Project("{FAE04EC0-301F-11D3-BF4B-00C04F79EFBC}") = "EditorHtml", "EditorHtml\EditorHtml.csproj", "{7A49476A-F99B-4517-BE23-3E554AD4EFD5}"
EndProject
Project("{FAE04EC0-301F-11D3-BF4B-00C04F79EFBC}") = "Datas", "Datas\Datas.csproj", "{33169FEB-C48D-47E4-9C10-228EF61C7F93}"
EndProject
Project("{FAE04EC0-301F-11D3-BF4B-00C04F79EFBC}") = "Moedas", "Moedas\Moedas.csproj", "{2046D517-641D-4C12-845E-E053C14D9B93}"
EndProject
Global
	GlobalSection(SolutionConfigurationPlatforms) = preSolution
		Debug|Any CPU = Debug|Any CPU
		Release|Any CPU = Release|Any CPU
	EndGlobalSection
	GlobalSection(SolutionProperties) = preSolution
		HideSolutionNode = FALSE
	EndGlobalSection
	GlobalSection(ProjectConfigurationPlatforms) = postSolution
		{6E14FEB8-3B11-48D5-A54F-DDAA4F809982}.Debug|Any CPU.ActiveCfg = Debug|Any CPU
		{6E14FEB8-3B11-48D5-A54F-DDAA4F809982}.Debug|Any CPU.Build.0 = Debug|Any CPU
		{6E14FEB8-3B11-48D5-A54F-DDAA4F809982}.Release|Any CPU.ActiveCfg = Release|Any CPU
		{6E14FEB8-3B11-48D5-A54F-DDAA4F809982}.Release|Any CPU.Build.0 = Release|Any CPU
		{DA6355C5-5127-421E-9CE7-4530A798A91F}.Debug|Any CPU.ActiveCfg = Debug|Any CPU
		{DA6355C5-5127-421E-9CE7-4530A798A91F}.Debug|Any CPU.Build.0 = Debug|Any CPU
		{DA6355C5-5127-421E-9CE7-4530A798A91F}.Release|Any CPU.ActiveCfg = Release|Any CPU
		{DA6355C5-5127-421E-9CE7-4530A798A91F}.Release|Any CPU.Build.0 = Release|Any CPU
		{C48B63C0-7F7E-41A4-A457-2052983BDBFD}.Debug|Any CPU.ActiveCfg = Debug|Any CPU
		{C48B63C0-7F7E-41A4-A457-2052983BDBFD}.Debug|Any CPU.Build.0 = Debug|Any CPU
		{C48B63C0-7F7E-41A4-A457-2052983BDBFD}.Release|Any CPU.ActiveCfg = Release|Any CPU
		{C48B63C0-7F7E-41A4-A457-2052983BDBFD}.Release|Any CPU.Build.0 = Release|Any CPU
		{7C76D440-792E-40DD-910F-D7F7AEEFCD5B}.Debug|Any CPU.ActiveCfg = Debug|Any CPU
		{7C76D440-792E-40DD-910F-D7F7AEEFCD5B}.Debug|Any CPU.Build.0 = Debug|Any CPU
		{7C76D440-792E-40DD-910F-D7F7AEEFCD5B}.Release|Any CPU.ActiveCfg = Release|Any CPU
		{7C76D440-792E-40DD-910F-D7F7AEEFCD5B}.Release|Any CPU.Build.0 = Release|Any CPU
		{6F338905-F0EE-45B7-88E2-632A7DEE214A}.Debug|Any CPU.ActiveCfg = Debug|Any CPU
		{6F338905-F0EE-45B7-88E2-632A7DEE214A}.Debug|Any CPU.Build.0 = Debug|Any CPU
		{6F338905-F0EE-45B7-88E2-632A7DEE214A}.Release|Any CPU.ActiveCfg = Release|Any CPU
		{6F338905-F0EE-45B7-88E2-632A7DEE214A}.Release|Any CPU.Build.0 = Release|Any CPU
		{7A49476A-F99B-4517-BE23-3E554AD4EFD5}.Debug|Any CPU.ActiveCfg = Debug|Any CPU
		{7A49476A-F99B-4517-BE23-3E554AD4EFD5}.Debug|Any CPU.Build.0 = Debug|Any CPU
		{7A49476A-F99B-4517-BE23-3E554AD4EFD5}.Release|Any CPU.ActiveCfg = Release|Any CPU
		{7A49476A-F99B-4517-BE23-3E554AD4EFD5}.Release|Any CPU.Build.0 = Release|Any CPU
		{33169FEB-C48D-47E4-9C10-228EF61C7F93}.Debug|Any CPU.ActiveCfg = Debug|Any CPU
		{33169FEB-C48D-47E4-9C10-228EF61C7F93}.Debug|Any CPU.Build.0 = Debug|Any CPU
		{33169FEB-C48D-47E4-9C10-228EF61C7F93}.Release|Any CPU.ActiveCfg = Release|Any CPU
		{33169FEB-C48D-47E4-9C10-228EF61C7F93}.Release|Any CPU.Build.0 = Release|Any CPU
		{2046D517-641D-4C12-845E-E053C14D9B93}.Debug|Any CPU.ActiveCfg = Debug|Any CPU
		{2046D517-641D-4C12-845E-E053C14D9B93}.Debug|Any CPU.Build.0 = Debug|Any CPU
		{2046D517-641D-4C12-845E-E053C14D9B93}.Release|Any CPU.ActiveCfg = Release|Any CPU
		{2046D517-641D-4C12-845E-E053C14D9B93}.Release|Any CPU.Build.0 = Release|Any CPU
	EndGlobalSection
EndGlobal
